# THIS IS AN AUTOGENERATED FILE. DO NOT EDIT THIS FILE DIRECTLY.
# yarn lockfile v1


"@xstate/react@^2.0.0":
  version "2.0.0"
  resolved "https://registry.yarnpkg.com/@xstate/react/-/react-2.0.0.tgz#fa1c950483a7a500d71faaa36e6970b337ba7543"
  integrity sha512-Pw8uHkamrMxoV8cwnVHv570Zun7o2ktokn5bkUOrv6PufFg5JHL2URiGvbyR9JqmIxfJdXregWvCGa3pqXd7Cg==
  dependencies:
    use-isomorphic-layout-effect "^1.0.0"
    use-subscription "^1.3.0"

object-assign@^4.1.1:
  version "4.1.1"
  resolved "https://registry.yarnpkg.com/object-assign/-/object-assign-4.1.1.tgz#2109adc7965887cfc05cbbd442cac8bfbb360863"
  integrity sha1-IQmtx5ZYh8/AXLvUQsrIv7s2CGM=

use-isomorphic-layout-effect@^1.0.0:
  version "1.1.1"
  resolved "https://registry.yarnpkg.com/use-isomorphic-layout-effect/-/use-isomorphic-layout-effect-1.1.1.tgz#7bb6589170cd2987a152042f9084f9effb75c225"
  integrity sha512-L7Evj8FGcwo/wpbv/qvSfrkHFtOpCzvM5yl2KVyDJoylVuSvzphiiasmjgQPttIGBAy2WKiBNR98q8w7PiNgKQ==

use-subscription@^1.3.0:
  version "1.5.1"
  resolved "https://registry.yarnpkg.com/use-subscription/-/use-subscription-1.5.1.tgz#73501107f02fad84c6dd57965beb0b75c68c42d1"
  integrity sha512-Xv2a1P/yReAjAbhylMfFplFKj9GssgTwN7RlcTxBujFQcloStWNDQdc4g4NRWH9xS4i/FDk04vQBptAXoF3VcA==
  dependencies:
    object-assign "^4.1.1"

xstate@^4.29.0:
  version "4.29.0"
  resolved "https://registry.yarnpkg.com/xstate/-/xstate-4.29.0.tgz#74161f1e4b7fadb073593085f4fbb58068ee0b86"
  integrity sha512-F6WF5s6xG/bm8Oxi2ETuzwGQW8yleL5I4JPxZl49m7Uw7D4LAXu+4dvUK78Uo4D863sM8auqw6+1Xmj9mFlmDQ==
